
Microsoft Visual Studio Solution File, Format Version 12.00
# Visual Studio 15
VisualStudioVersion = 15.0.27703.2035
MinimumVisualStudioVersion = 10.0.40219.1
Project("{9A19103F-16F7-4668-BE54-9A1E7A4F7556}") = "Monitoring.Entities", "Monitoring.Entities\Monitoring.Entities.csproj", "{E9BCA0DB-B48F-479E-BE56-C4BBB90F3E55}"
EndProject
Project("{9A19103F-16F7-4668-BE54-9A1E7A4F7556}") = "Monitoring.Core", "Monitoring.Core\Monitoring.Core.csproj", "{EBE73D67-7334-4434-9516-DDAAC6FF3D7C}"
EndProject
Project("{9A19103F-16F7-4668-BE54-9A1E7A4F7556}") = "Monitoring.Helpers", "Monitoring.Helpers\Monitoring.Helpers.csproj", "{7B44EA43-F375-40D2-9787-A9C0FCEB9E14}"
EndProject
Project("{9A19103F-16F7-4668-BE54-9A1E7A4F7556}") = "Monitoring.DataLayer", "Monitoring.DataLayer\Monitoring.DataLayer.csproj", "{7425BBD4-257C-444A-9467-A81436786CEB}"
EndProject
Project("{9A19103F-16F7-4668-BE54-9A1E7A4F7556}") = "Monitoring.Application", "Monitoring.Application\Monitoring.Application.csproj", "{B77CB655-0D37-42EF-AFE2-DCA9ED358A1C}"
EndProject
Project("{9A19103F-16F7-4668-BE54-9A1E7A4F7556}") = "Monitoring.Application.Contracts", "Monitoring.Application.Contracts\Monitoring.Application.Contracts.csproj", "{4BAE811B-CC7F-4575-AEB2-25C0DF9FD523}"
EndProject
Project("{FAE04EC0-301F-11D3-BF4B-00C04F79EFBC}") = "Monitoring.Web.Api", "Monitoring.Web.Api\Monitoring.Web.Api.csproj", "{570FE2E2-EF45-4C59-A777-62B04564CF89}"
EndProject
Global
	GlobalSection(SolutionConfigurationPlatforms) = preSolution
		Debug|Any CPU = Debug|Any CPU
		Release|Any CPU = Release|Any CPU
	EndGlobalSection
	GlobalSection(ProjectConfigurationPlatforms) = postSolution
		{E9BCA0DB-B48F-479E-BE56-C4BBB90F3E55}.Debug|Any CPU.ActiveCfg = Debug|Any CPU
		{E9BCA0DB-B48F-479E-BE56-C4BBB90F3E55}.Debug|Any CPU.Build.0 = Debug|Any CPU
		{E9BCA0DB-B48F-479E-BE56-C4BBB90F3E55}.Release|Any CPU.ActiveCfg = Release|Any CPU
		{E9BCA0DB-B48F-479E-BE56-C4BBB90F3E55}.Release|Any CPU.Build.0 = Release|Any CPU
		{EBE73D67-7334-4434-9516-DDAAC6FF3D7C}.Debug|Any CPU.ActiveCfg = Debug|Any CPU
		{EBE73D67-7334-4434-9516-DDAAC6FF3D7C}.Debug|Any CPU.Build.0 = Debug|Any CPU
		{EBE73D67-7334-4434-9516-DDAAC6FF3D7C}.Release|Any CPU.ActiveCfg = Release|Any CPU
		{EBE73D67-7334-4434-9516-DDAAC6FF3D7C}.Release|Any CPU.Build.0 = Release|Any CPU
		{7B44EA43-F375-40D2-9787-A9C0FCEB9E14}.Debug|Any CPU.ActiveCfg = Debug|Any CPU
		{7B44EA43-F375-40D2-9787-A9C0FCEB9E14}.Debug|Any CPU.Build.0 = Debug|Any CPU
		{7B44EA43-F375-40D2-9787-A9C0FCEB9E14}.Release|Any CPU.ActiveCfg = Release|Any CPU
		{7B44EA43-F375-40D2-9787-A9C0FCEB9E14}.Release|Any CPU.Build.0 = Release|Any CPU
		{7425BBD4-257C-444A-9467-A81436786CEB}.Debug|Any CPU.ActiveCfg = Debug|Any CPU
		{7425BBD4-257C-444A-9467-A81436786CEB}.Debug|Any CPU.Build.0 = Debug|Any CPU
		{7425BBD4-257C-444A-9467-A81436786CEB}.Release|Any CPU.ActiveCfg = Release|Any CPU
		{7425BBD4-257C-444A-9467-A81436786CEB}.Release|Any CPU.Build.0 = Release|Any CPU
		{B77CB655-0D37-42EF-AFE2-DCA9ED358A1C}.Debug|Any CPU.ActiveCfg = Debug|Any CPU
		{B77CB655-0D37-42EF-AFE2-DCA9ED358A1C}.Debug|Any CPU.Build.0 = Debug|Any CPU
		{B77CB655-0D37-42EF-AFE2-DCA9ED358A1C}.Release|Any CPU.ActiveCfg = Release|Any CPU
		{B77CB655-0D37-42EF-AFE2-DCA9ED358A1C}.Release|Any CPU.Build.0 = Release|Any CPU
		{4BAE811B-CC7F-4575-AEB2-25C0DF9FD523}.Debug|Any CPU.ActiveCfg = Debug|Any CPU
		{4BAE811B-CC7F-4575-AEB2-25C0DF9FD523}.Debug|Any CPU.Build.0 = Debug|Any CPU
		{4BAE811B-CC7F-4575-AEB2-25C0DF9FD523}.Release|Any CPU.ActiveCfg = Release|Any CPU
		{4BAE811B-CC7F-4575-AEB2-25C0DF9FD523}.Release|Any CPU.Build.0 = Release|Any CPU
		{570FE2E2-EF45-4C59-A777-62B04564CF89}.Debug|Any CPU.ActiveCfg = Debug|Any CPU
		{570FE2E2-EF45-4C59-A777-62B04564CF89}.Debug|Any CPU.Build.0 = Debug|Any CPU
		{570FE2E2-EF45-4C59-A777-62B04564CF89}.Release|Any CPU.ActiveCfg = Release|Any CPU
		{570FE2E2-EF45-4C59-A777-62B04564CF89}.Release|Any CPU.Build.0 = Release|Any CPU
	EndGlobalSection
	GlobalSection(SolutionProperties) = preSolution
		HideSolutionNode = FALSE
	EndGlobalSection
	GlobalSection(ExtensibilityGlobals) = postSolution
		SolutionGuid = {EF316A32-6391-40E8-9662-428595E697CD}
	EndGlobalSection
EndGlobal
